// !$*UTF8*$!
{
	archiveVersion = 1;
	classes = {
	};
	objectVersion = 46;
	objects = {

/* Begin PBXBuildFile section */
		242BEF7F19A8FBB00063F2F2 /* DCTObjectStore.h in Headers */ = {isa = PBXBuildFile; fileRef = 24501D161883DF9600FED266 /* DCTObjectStore.h */; settings = {ATTRIBUTES = (Public, ); }; };
		242BEF8019A8FBD00063F2F2 /* DCTObjectStore.m in Sources */ = {isa = PBXBuildFile; fileRef = 24501D181883DF9600FED266 /* DCTObjectStore.m */; };
		244775131A1260260091CBDD /* DCTObjectStoreCloudEncoder.h in Headers */ = {isa = PBXBuildFile; fileRef = 244775111A1260260091CBDD /* DCTObjectStoreCloudEncoder.h */; };
		244775141A1260260091CBDD /* DCTObjectStoreCloudEncoder.m in Sources */ = {isa = PBXBuildFile; fileRef = 244775121A1260260091CBDD /* DCTObjectStoreCloudEncoder.m */; };
		244775151A1260260091CBDD /* DCTObjectStoreCloudEncoder.m in Sources */ = {isa = PBXBuildFile; fileRef = 244775121A1260260091CBDD /* DCTObjectStoreCloudEncoder.m */; };
		24501D171883DF9600FED266 /* DCTObjectStore.h in CopyFiles */ = {isa = PBXBuildFile; fileRef = 24501D161883DF9600FED266 /* DCTObjectStore.h */; };
		24501D191883DF9600FED266 /* DCTObjectStore.m in Sources */ = {isa = PBXBuildFile; fileRef = 24501D181883DF9600FED266 /* DCTObjectStore.m */; };
		2464AB3B1A29207100F72B41 /* DCTObjectStoreAttributes.m in Sources */ = {isa = PBXBuildFile; fileRef = 2464AB3A1A29207100F72B41 /* DCTObjectStoreAttributes.m */; };
		2464AB3C1A2922B200F72B41 /* DCTObjectStoreAttributes.h in Headers */ = {isa = PBXBuildFile; fileRef = 2464AB391A29207100F72B41 /* DCTObjectStoreAttributes.h */; };
		2464AB3D1A2922B800F72B41 /* DCTObjectStoreAttributes.m in Sources */ = {isa = PBXBuildFile; fileRef = 2464AB3A1A29207100F72B41 /* DCTObjectStoreAttributes.m */; };
		2464AB4B1A2931D800F72B41 /* DCTObjectStoreTests.m in Sources */ = {isa = PBXBuildFile; fileRef = 2464AB4A1A2931D800F72B41 /* DCTObjectStoreTests.m */; };
		2464AB4C1A2931D800F72B41 /* DCTObjectStore.framework in Frameworks */ = {isa = PBXBuildFile; fileRef = 242BEEFC19A8F53B0063F2F2 /* DCTObjectStore.framework */; };
		2464AB521A29334D00F72B41 /* Event.m in Sources */ = {isa = PBXBuildFile; fileRef = 24D52A5A1A28F36900FDA615 /* Event.m */; };
		2464AB591A29C42D00F72B41 /* DCTObjectStoreQueryTests.m in Sources */ = {isa = PBXBuildFile; fileRef = 2464AB581A29C42D00F72B41 /* DCTObjectStoreQueryTests.m */; };
		2464AB5B1A29C79900F72B41 /* DCTObjectStoreQueryPredicateTests.m in Sources */ = {isa = PBXBuildFile; fileRef = 2464AB5A1A29C79900F72B41 /* DCTObjectStoreQueryPredicateTests.m */; };
		2464AB5D1A29C8BA00F72B41 /* DCTObjectStoreQuerySortDescriptorTests.m in Sources */ = {isa = PBXBuildFile; fileRef = 2464AB5C1A29C8BA00F72B41 /* DCTObjectStoreQuerySortDescriptorTests.m */; };
		2464AB601A2A32C100F72B41 /* DCTDiskObjectStore.h in Headers */ = {isa = PBXBuildFile; fileRef = 2464AB5E1A2A32C100F72B41 /* DCTDiskObjectStore.h */; };
		2464AB611A2A32C100F72B41 /* DCTDiskObjectStore.m in Sources */ = {isa = PBXBuildFile; fileRef = 2464AB5F1A2A32C100F72B41 /* DCTDiskObjectStore.m */; };
		2464AB621A2A32C100F72B41 /* DCTDiskObjectStore.m in Sources */ = {isa = PBXBuildFile; fileRef = 2464AB5F1A2A32C100F72B41 /* DCTDiskObjectStore.m */; };
		2464AB651A2A34D700F72B41 /* DCTObjectStoreIdentifier.h in Headers */ = {isa = PBXBuildFile; fileRef = 2464AB631A2A34D700F72B41 /* DCTObjectStoreIdentifier.h */; };
		2464AB661A2A34D700F72B41 /* DCTObjectStoreIdentifier.m in Sources */ = {isa = PBXBuildFile; fileRef = 2464AB641A2A34D700F72B41 /* DCTObjectStoreIdentifier.m */; };
		2464AB671A2A34D700F72B41 /* DCTObjectStoreIdentifier.m in Sources */ = {isa = PBXBuildFile; fileRef = 2464AB641A2A34D700F72B41 /* DCTObjectStoreIdentifier.m */; };
		2464AB6A1A2A7B1B00F72B41 /* DCTCloudObjectStore.h in Headers */ = {isa = PBXBuildFile; fileRef = 2464AB681A2A7B1B00F72B41 /* DCTCloudObjectStore.h */; };
		2464AB6B1A2A7B1B00F72B41 /* DCTCloudObjectStore.m in Sources */ = {isa = PBXBuildFile; fileRef = 2464AB691A2A7B1B00F72B41 /* DCTCloudObjectStore.m */; };
		2464AB6C1A2A7B1B00F72B41 /* DCTCloudObjectStore.m in Sources */ = {isa = PBXBuildFile; fileRef = 2464AB691A2A7B1B00F72B41 /* DCTCloudObjectStore.m */; };
		2464AB6E1A2A7E6000F72B41 /* DCTDiskObjectStoreTests.m in Sources */ = {isa = PBXBuildFile; fileRef = 2464AB6D1A2A7E6000F72B41 /* DCTDiskObjectStoreTests.m */; };
		2464AB701A2A8AE800F72B41 /* DCTCloudObjectStoreDelegate.h in Headers */ = {isa = PBXBuildFile; fileRef = 2464AB6F1A2A8AE800F72B41 /* DCTCloudObjectStoreDelegate.h */; };
		24D52A261A28E98C00FDA615 /* main.m in Sources */ = {isa = PBXBuildFile; fileRef = 24D52A251A28E98C00FDA615 /* main.m */; };
		24D52A291A28E98C00FDA615 /* AppDelegate.m in Sources */ = {isa = PBXBuildFile; fileRef = 24D52A281A28E98C00FDA615 /* AppDelegate.m */; };
		24D52A2C1A28E98C00FDA615 /* ViewController.m in Sources */ = {isa = PBXBuildFile; fileRef = 24D52A2B1A28E98C00FDA615 /* ViewController.m */; };
		24D52A2F1A28E98C00FDA615 /* Main.storyboard in Resources */ = {isa = PBXBuildFile; fileRef = 24D52A2D1A28E98C00FDA615 /* Main.storyboard */; };
		24D52A311A28E98C00FDA615 /* Images.xcassets in Resources */ = {isa = PBXBuildFile; fileRef = 24D52A301A28E98C00FDA615 /* Images.xcassets */; };
		24D52A341A28E98C00FDA615 /* LaunchScreen.xib in Resources */ = {isa = PBXBuildFile; fileRef = 24D52A321A28E98C00FDA615 /* LaunchScreen.xib */; };
		24D52A471A28EB1C00FDA615 /* DCTObjectStore.framework in Frameworks */ = {isa = PBXBuildFile; fileRef = 242BEEFC19A8F53B0063F2F2 /* DCTObjectStore.framework */; };
		24D52A481A28EB1C00FDA615 /* DCTObjectStore.framework in Embed Frameworks */ = {isa = PBXBuildFile; fileRef = 242BEEFC19A8F53B0063F2F2 /* DCTObjectStore.framework */; settings = {ATTRIBUTES = (CodeSignOnCopy, RemoveHeadersOnCopy, ); }; };
		24D52A531A28EEB800FDA615 /* DCTObjectStoreQuery.h in Headers */ = {isa = PBXBuildFile; fileRef = 24D52A511A28EEB800FDA615 /* DCTObjectStoreQuery.h */; settings = {ATTRIBUTES = (Public, ); }; };
		24D52A541A28EEB800FDA615 /* DCTObjectStoreQuery.m in Sources */ = {isa = PBXBuildFile; fileRef = 24D52A521A28EEB800FDA615 /* DCTObjectStoreQuery.m */; };
		24D52A551A28EEB800FDA615 /* DCTObjectStoreQuery.m in Sources */ = {isa = PBXBuildFile; fileRef = 24D52A521A28EEB800FDA615 /* DCTObjectStoreQuery.m */; };
		24D52A5B1A28F36900FDA615 /* Event.m in Sources */ = {isa = PBXBuildFile; fileRef = 24D52A5A1A28F36900FDA615 /* Event.m */; };
		24D52A5D1A28FBC400FDA615 /* DCTObjectStoreQueryDelegate.h in Headers */ = {isa = PBXBuildFile; fileRef = 24D52A5C1A28FAE300FDA615 /* DCTObjectStoreQueryDelegate.h */; settings = {ATTRIBUTES = (Public, ); }; };
		24D52A611A2B4A4D00FDA615 /* DCTObjectStoreChange.h in Headers */ = {isa = PBXBuildFile; fileRef = 24D52A5F1A2B4A4D00FDA615 /* DCTObjectStoreChange.h */; };
		24D52A621A2B4A4D00FDA615 /* DCTObjectStoreChange.m in Sources */ = {isa = PBXBuildFile; fileRef = 24D52A601A2B4A4D00FDA615 /* DCTObjectStoreChange.m */; };
		24D52A631A2B4A4D00FDA615 /* DCTObjectStoreChange.m in Sources */ = {isa = PBXBuildFile; fileRef = 24D52A601A2B4A4D00FDA615 /* DCTObjectStoreChange.m */; };
		24D52A661A2B59BF00FDA615 /* DCTObjectStoreCoding.h in Headers */ = {isa = PBXBuildFile; fileRef = 24D52A641A2B59BF00FDA615 /* DCTObjectStoreCoding.h */; settings = {ATTRIBUTES = (Public, ); }; };
		24D52A6B1A2B5DB900FDA615 /* DCTCloudObjectStoreDecoder.h in Headers */ = {isa = PBXBuildFile; fileRef = 24D52A691A2B5DB900FDA615 /* DCTCloudObjectStoreDecoder.h */; };
		24D52A6C1A2B5DB900FDA615 /* DCTCloudObjectStoreDecoder.m in Sources */ = {isa = PBXBuildFile; fileRef = 24D52A6A1A2B5DB900FDA615 /* DCTCloudObjectStoreDecoder.m */; };
		24D52A6D1A2B5DB900FDA615 /* DCTCloudObjectStoreDecoder.m in Sources */ = {isa = PBXBuildFile; fileRef = 24D52A6A1A2B5DB900FDA615 /* DCTCloudObjectStoreDecoder.m */; };
		24D52A731A2BBBA700FDA615 /* CloudKit.framework in Frameworks */ = {isa = PBXBuildFile; fileRef = 24D52A721A2BBBA700FDA615 /* CloudKit.framework */; };
		24D52A7B1A2C5FF500FDA615 /* DCTChangeObjectStore.h in Headers */ = {isa = PBXBuildFile; fileRef = 24D52A791A2C5FF500FDA615 /* DCTChangeObjectStore.h */; };
		24D52A7C1A2C5FF500FDA615 /* DCTChangeObjectStore.m in Sources */ = {isa = PBXBuildFile; fileRef = 24D52A7A1A2C5FF500FDA615 /* DCTChangeObjectStore.m */; };
		24D52A7D1A2C5FF500FDA615 /* DCTChangeObjectStore.m in Sources */ = {isa = PBXBuildFile; fileRef = 24D52A7A1A2C5FF500FDA615 /* DCTChangeObjectStore.m */; };
/* End PBXBuildFile section */

/* Begin PBXContainerItemProxy section */
		2464AB4D1A2931D800F72B41 /* PBXContainerItemProxy */ = {
			isa = PBXContainerItemProxy;
			containerPortal = 24501D061883DF9600FED266 /* Project object */;
			proxyType = 1;
			remoteGlobalIDString = 242BEEFB19A8F53B0063F2F2;
			remoteInfo = "DCTObjectStore iOS";
		};
		24D52A491A28EB1C00FDA615 /* PBXContainerItemProxy */ = {
			isa = PBXContainerItemProxy;
			containerPortal = 24501D061883DF9600FED266 /* Project object */;
			proxyType = 1;
			remoteGlobalIDString = 242BEEFB19A8F53B0063F2F2;
			remoteInfo = "DCTObjectStore iOS";
		};
/* End PBXContainerItemProxy section */

/* Begin PBXCopyFilesBuildPhase section */
		24501D0C1883DF9600FED266 /* CopyFiles */ = {
			isa = PBXCopyFilesBuildPhase;
			buildActionMask = 2147483647;
			dstPath = "include/$(PRODUCT_NAME)";
			dstSubfolderSpec = 16;
			files = (
				24501D171883DF9600FED266 /* DCTObjectStore.h in CopyFiles */,
			);
			runOnlyForDeploymentPostprocessing = 0;
		};
		24D52A4B1A28EB1D00FDA615 /* Embed Frameworks */ = {
			isa = PBXCopyFilesBuildPhase;
			buildActionMask = 2147483647;
			dstPath = "";
			dstSubfolderSpec = 10;
			files = (
				24D52A481A28EB1C00FDA615 /* DCTObjectStore.framework in Embed Frameworks */,
			);
			name = "Embed Frameworks";
			runOnlyForDeploymentPostprocessing = 0;
		};
/* End PBXCopyFilesBuildPhase section */

/* Begin PBXFileReference section */
		242BEEFC19A8F53B0063F2F2 /* DCTObjectStore.framework */ = {isa = PBXFileReference; explicitFileType = wrapper.framework; includeInIndex = 0; path = DCTObjectStore.framework; sourceTree = BUILT_PRODUCTS_DIR; };
		242BEF1219A8F55F0063F2F2 /* Info.plist */ = {isa = PBXFileReference; lastKnownFileType = text.plist.xml; path = Info.plist; sourceTree = "<group>"; };
		244775111A1260260091CBDD /* DCTObjectStoreCloudEncoder.h */ = {isa = PBXFileReference; fileEncoding = 4; lastKnownFileType = sourcecode.c.h; path = DCTObjectStoreCloudEncoder.h; sourceTree = "<group>"; };
		244775121A1260260091CBDD /* DCTObjectStoreCloudEncoder.m */ = {isa = PBXFileReference; fileEncoding = 4; lastKnownFileType = sourcecode.c.objc; lineEnding = 0; path = DCTObjectStoreCloudEncoder.m; sourceTree = "<group>"; xcLanguageSpecificationIdentifier = xcode.lang.objc; };
		244DE8D019A9235100A91DC7 /* Debug.xcconfig */ = {isa = PBXFileReference; lastKnownFileType = text.xcconfig; path = Debug.xcconfig; sourceTree = "<group>"; };
		244DE8D119A9235100A91DC7 /* iOS Application.xcconfig */ = {isa = PBXFileReference; lastKnownFileType = text.xcconfig; path = "iOS Application.xcconfig"; sourceTree = "<group>"; };
		244DE8D219A9235100A91DC7 /* iOS Bundle.xcconfig */ = {isa = PBXFileReference; lastKnownFileType = text.xcconfig; path = "iOS Bundle.xcconfig"; sourceTree = "<group>"; };
		244DE8D319A9235100A91DC7 /* iOS Framework.xcconfig */ = {isa = PBXFileReference; lastKnownFileType = text.xcconfig; path = "iOS Framework.xcconfig"; sourceTree = "<group>"; };
		244DE8D419A9235100A91DC7 /* iOS Static Library.xcconfig */ = {isa = PBXFileReference; lastKnownFileType = text.xcconfig; path = "iOS Static Library.xcconfig"; sourceTree = "<group>"; };
		244DE8D519A9235100A91DC7 /* iOS Tests.xcconfig */ = {isa = PBXFileReference; lastKnownFileType = text.xcconfig; path = "iOS Tests.xcconfig"; sourceTree = "<group>"; };
		244DE8D619A9235100A91DC7 /* OS X Framework.xcconfig */ = {isa = PBXFileReference; lastKnownFileType = text.xcconfig; path = "OS X Framework.xcconfig"; sourceTree = "<group>"; };
		244DE8D719A9235100A91DC7 /* Release.xcconfig */ = {isa = PBXFileReference; lastKnownFileType = text.xcconfig; path = Release.xcconfig; sourceTree = "<group>"; };
		244DE8D819A9235100A91DC7 /* Shared.xcconfig */ = {isa = PBXFileReference; lastKnownFileType = text.xcconfig; path = Shared.xcconfig; sourceTree = "<group>"; };
		24501D0E1883DF9600FED266 /* libDCTObjectStore.a */ = {isa = PBXFileReference; explicitFileType = archive.ar; includeInIndex = 0; path = libDCTObjectStore.a; sourceTree = BUILT_PRODUCTS_DIR; };
		24501D161883DF9600FED266 /* DCTObjectStore.h */ = {isa = PBXFileReference; lastKnownFileType = sourcecode.c.h; lineEnding = 0; path = DCTObjectStore.h; sourceTree = "<group>"; xcLanguageSpecificationIdentifier = xcode.lang.objcpp; };
		24501D181883DF9600FED266 /* DCTObjectStore.m */ = {isa = PBXFileReference; lastKnownFileType = sourcecode.c.objc; lineEnding = 0; path = DCTObjectStore.m; sourceTree = "<group>"; xcLanguageSpecificationIdentifier = xcode.lang.objc; };
		2464AB391A29207100F72B41 /* DCTObjectStoreAttributes.h */ = {isa = PBXFileReference; fileEncoding = 4; lastKnownFileType = sourcecode.c.h; path = DCTObjectStoreAttributes.h; sourceTree = "<group>"; };
		2464AB3A1A29207100F72B41 /* DCTObjectStoreAttributes.m */ = {isa = PBXFileReference; fileEncoding = 4; lastKnownFileType = sourcecode.c.objc; path = DCTObjectStoreAttributes.m; sourceTree = "<group>"; };
		2464AB461A2931D800F72B41 /* DCTObjectStore Tests.xctest */ = {isa = PBXFileReference; explicitFileType = wrapper.cfbundle; includeInIndex = 0; path = "DCTObjectStore Tests.xctest"; sourceTree = BUILT_PRODUCTS_DIR; };
		2464AB491A2931D800F72B41 /* Info.plist */ = {isa = PBXFileReference; lastKnownFileType = text.plist.xml; path = Info.plist; sourceTree = "<group>"; };
		2464AB4A1A2931D800F72B41 /* DCTObjectStoreTests.m */ = {isa = PBXFileReference; lastKnownFileType = sourcecode.c.objc; path = DCTObjectStoreTests.m; sourceTree = "<group>"; };
		2464AB581A29C42D00F72B41 /* DCTObjectStoreQueryTests.m */ = {isa = PBXFileReference; fileEncoding = 4; lastKnownFileType = sourcecode.c.objc; path = DCTObjectStoreQueryTests.m; sourceTree = "<group>"; };
		2464AB5A1A29C79900F72B41 /* DCTObjectStoreQueryPredicateTests.m */ = {isa = PBXFileReference; fileEncoding = 4; lastKnownFileType = sourcecode.c.objc; path = DCTObjectStoreQueryPredicateTests.m; sourceTree = "<group>"; };
		2464AB5C1A29C8BA00F72B41 /* DCTObjectStoreQuerySortDescriptorTests.m */ = {isa = PBXFileReference; fileEncoding = 4; lastKnownFileType = sourcecode.c.objc; path = DCTObjectStoreQuerySortDescriptorTests.m; sourceTree = "<group>"; };
		2464AB5E1A2A32C100F72B41 /* DCTDiskObjectStore.h */ = {isa = PBXFileReference; fileEncoding = 4; lastKnownFileType = sourcecode.c.h; lineEnding = 0; path = DCTDiskObjectStore.h; sourceTree = "<group>"; xcLanguageSpecificationIdentifier = xcode.lang.objcpp; };
		2464AB5F1A2A32C100F72B41 /* DCTDiskObjectStore.m */ = {isa = PBXFileReference; fileEncoding = 4; lastKnownFileType = sourcecode.c.objc; lineEnding = 0; path = DCTDiskObjectStore.m; sourceTree = "<group>"; xcLanguageSpecificationIdentifier = xcode.lang.objc; };
		2464AB631A2A34D700F72B41 /* DCTObjectStoreIdentifier.h */ = {isa = PBXFileReference; fileEncoding = 4; lastKnownFileType = sourcecode.c.h; path = DCTObjectStoreIdentifier.h; sourceTree = "<group>"; };
		2464AB641A2A34D700F72B41 /* DCTObjectStoreIdentifier.m */ = {isa = PBXFileReference; fileEncoding = 4; lastKnownFileType = sourcecode.c.objc; path = DCTObjectStoreIdentifier.m; sourceTree = "<group>"; };
		2464AB681A2A7B1B00F72B41 /* DCTCloudObjectStore.h */ = {isa = PBXFileReference; fileEncoding = 4; lastKnownFileType = sourcecode.c.h; lineEnding = 0; path = DCTCloudObjectStore.h; sourceTree = "<group>"; xcLanguageSpecificationIdentifier = xcode.lang.objcpp; };
		2464AB691A2A7B1B00F72B41 /* DCTCloudObjectStore.m */ = {isa = PBXFileReference; fileEncoding = 4; lastKnownFileType = sourcecode.c.objc; lineEnding = 0; path = DCTCloudObjectStore.m; sourceTree = "<group>"; xcLanguageSpecificationIdentifier = xcode.lang.objc; };
		2464AB6D1A2A7E6000F72B41 /* DCTDiskObjectStoreTests.m */ = {isa = PBXFileReference; fileEncoding = 4; lastKnownFileType = sourcecode.c.objc; path = DCTDiskObjectStoreTests.m; sourceTree = "<group>"; };
		2464AB6F1A2A8AE800F72B41 /* DCTCloudObjectStoreDelegate.h */ = {isa = PBXFileReference; fileEncoding = 4; lastKnownFileType = sourcecode.c.h; lineEnding = 0; path = DCTCloudObjectStoreDelegate.h; sourceTree = "<group>"; xcLanguageSpecificationIdentifier = xcode.lang.objcpp; };
		24D52A211A28E98C00FDA615 /* DCTObjectStore.app */ = {isa = PBXFileReference; explicitFileType = wrapper.application; includeInIndex = 0; path = DCTObjectStore.app; sourceTree = BUILT_PRODUCTS_DIR; };
		24D52A241A28E98C00FDA615 /* Info.plist */ = {isa = PBXFileReference; lastKnownFileType = text.plist.xml; path = Info.plist; sourceTree = "<group>"; };
		24D52A251A28E98C00FDA615 /* main.m */ = {isa = PBXFileReference; lastKnownFileType = sourcecode.c.objc; path = main.m; sourceTree = "<group>"; };
		24D52A271A28E98C00FDA615 /* AppDelegate.h */ = {isa = PBXFileReference; lastKnownFileType = sourcecode.c.h; path = AppDelegate.h; sourceTree = "<group>"; };
		24D52A281A28E98C00FDA615 /* AppDelegate.m */ = {isa = PBXFileReference; lastKnownFileType = sourcecode.c.objc; path = AppDelegate.m; sourceTree = "<group>"; };
		24D52A2A1A28E98C00FDA615 /* ViewController.h */ = {isa = PBXFileReference; lastKnownFileType = sourcecode.c.h; path = ViewController.h; sourceTree = "<group>"; };
		24D52A2B1A28E98C00FDA615 /* ViewController.m */ = {isa = PBXFileReference; lastKnownFileType = sourcecode.c.objc; path = ViewController.m; sourceTree = "<group>"; };
		24D52A2E1A28E98C00FDA615 /* Base */ = {isa = PBXFileReference; lastKnownFileType = file.storyboard; name = Base; path = Base.lproj/Main.storyboard; sourceTree = "<group>"; };
		24D52A301A28E98C00FDA615 /* Images.xcassets */ = {isa = PBXFileReference; lastKnownFileType = folder.assetcatalog; path = Images.xcassets; sourceTree = "<group>"; };
		24D52A331A28E98C00FDA615 /* Base */ = {isa = PBXFileReference; lastKnownFileType = file.xib; name = Base; path = Base.lproj/LaunchScreen.xib; sourceTree = "<group>"; };
		24D52A511A28EEB800FDA615 /* DCTObjectStoreQuery.h */ = {isa = PBXFileReference; fileEncoding = 4; lastKnownFileType = sourcecode.c.h; path = DCTObjectStoreQuery.h; sourceTree = "<group>"; };
		24D52A521A28EEB800FDA615 /* DCTObjectStoreQuery.m */ = {isa = PBXFileReference; fileEncoding = 4; lastKnownFileType = sourcecode.c.objc; path = DCTObjectStoreQuery.m; sourceTree = "<group>"; };
		24D52A591A28F36900FDA615 /* Event.h */ = {isa = PBXFileReference; fileEncoding = 4; lastKnownFileType = sourcecode.c.h; lineEnding = 0; path = Event.h; sourceTree = "<group>"; xcLanguageSpecificationIdentifier = xcode.lang.objcpp; };
		24D52A5A1A28F36900FDA615 /* Event.m */ = {isa = PBXFileReference; fileEncoding = 4; lastKnownFileType = sourcecode.c.objc; lineEnding = 0; path = Event.m; sourceTree = "<group>"; xcLanguageSpecificationIdentifier = xcode.lang.objc; };
		24D52A5C1A28FAE300FDA615 /* DCTObjectStoreQueryDelegate.h */ = {isa = PBXFileReference; lastKnownFileType = sourcecode.c.h; path = DCTObjectStoreQueryDelegate.h; sourceTree = "<group>"; };
		24D52A5F1A2B4A4D00FDA615 /* DCTObjectStoreChange.h */ = {isa = PBXFileReference; fileEncoding = 4; lastKnownFileType = sourcecode.c.h; lineEnding = 0; path = DCTObjectStoreChange.h; sourceTree = "<group>"; xcLanguageSpecificationIdentifier = xcode.lang.objcpp; };
		24D52A601A2B4A4D00FDA615 /* DCTObjectStoreChange.m */ = {isa = PBXFileReference; fileEncoding = 4; lastKnownFileType = sourcecode.c.objc; lineEnding = 0; path = DCTObjectStoreChange.m; sourceTree = "<group>"; xcLanguageSpecificationIdentifier = xcode.lang.objc; };
		24D52A641A2B59BF00FDA615 /* DCTObjectStoreCoding.h */ = {isa = PBXFileReference; fileEncoding = 4; lastKnownFileType = sourcecode.c.h; lineEnding = 0; path = DCTObjectStoreCoding.h; sourceTree = "<group>"; xcLanguageSpecificationIdentifier = xcode.lang.objcpp; };
		24D52A691A2B5DB900FDA615 /* DCTCloudObjectStoreDecoder.h */ = {isa = PBXFileReference; fileEncoding = 4; lastKnownFileType = sourcecode.c.h; path = DCTCloudObjectStoreDecoder.h; sourceTree = "<group>"; };
		24D52A6A1A2B5DB900FDA615 /* DCTCloudObjectStoreDecoder.m */ = {isa = PBXFileReference; fileEncoding = 4; lastKnownFileType = sourcecode.c.objc; path = DCTCloudObjectStoreDecoder.m; sourceTree = "<group>"; };
		24D52A6F1A2BB3C300FDA615 /* DCTObjectStore Demo.entitlements */ = {isa = PBXFileReference; lastKnownFileType = text.xml; path = "DCTObjectStore Demo.entitlements"; sourceTree = "<group>"; };
		24D52A721A2BBBA700FDA615 /* CloudKit.framework */ = {isa = PBXFileReference; lastKnownFileType = wrapper.framework; name = CloudKit.framework; path = System/Library/Frameworks/CloudKit.framework; sourceTree = SDKROOT; };
		24D52A791A2C5FF500FDA615 /* DCTChangeObjectStore.h */ = {isa = PBXFileReference; fileEncoding = 4; lastKnownFileType = sourcecode.c.h; path = DCTChangeObjectStore.h; sourceTree = "<group>"; };
		24D52A7A1A2C5FF500FDA615 /* DCTChangeObjectStore.m */ = {isa = PBXFileReference; fileEncoding = 4; lastKnownFileType = sourcecode.c.objc; path = DCTChangeObjectStore.m; sourceTree = "<group>"; };
/* End PBXFileReference section */

/* Begin PBXFrameworksBuildPhase section */
		242BEEF819A8F53B0063F2F2 /* Frameworks */ = {
			isa = PBXFrameworksBuildPhase;
			buildActionMask = 2147483647;
			files = (
			);
			runOnlyForDeploymentPostprocessing = 0;
		};
		24501D0B1883DF9600FED266 /* Frameworks */ = {
			isa = PBXFrameworksBuildPhase;
			buildActionMask = 2147483647;
			files = (
			);
			runOnlyForDeploymentPostprocessing = 0;
		};
		2464AB431A2931D800F72B41 /* Frameworks */ = {
			isa = PBXFrameworksBuildPhase;
			buildActionMask = 2147483647;
			files = (
				2464AB4C1A2931D800F72B41 /* DCTObjectStore.framework in Frameworks */,
			);
			runOnlyForDeploymentPostprocessing = 0;
		};
		24D52A1E1A28E98C00FDA615 /* Frameworks */ = {
			isa = PBXFrameworksBuildPhase;
			buildActionMask = 2147483647;
			files = (
				24D52A471A28EB1C00FDA615 /* DCTObjectStore.framework in Frameworks */,
				24D52A731A2BBBA700FDA615 /* CloudKit.framework in Frameworks */,
			);
			runOnlyForDeploymentPostprocessing = 0;
		};
/* End PBXFrameworksBuildPhase section */

/* Begin PBXGroup section */
		244DE8CF19A9235100A91DC7 /* Configurations */ = {
			isa = PBXGroup;
			children = (
				244DE8D019A9235100A91DC7 /* Debug.xcconfig */,
				244DE8D119A9235100A91DC7 /* iOS Application.xcconfig */,
				244DE8D219A9235100A91DC7 /* iOS Bundle.xcconfig */,
				244DE8D319A9235100A91DC7 /* iOS Framework.xcconfig */,
				244DE8D419A9235100A91DC7 /* iOS Static Library.xcconfig */,
				244DE8D519A9235100A91DC7 /* iOS Tests.xcconfig */,
				244DE8D619A9235100A91DC7 /* OS X Framework.xcconfig */,
				244DE8D719A9235100A91DC7 /* Release.xcconfig */,
				244DE8D819A9235100A91DC7 /* Shared.xcconfig */,
			);
			path = Configurations;
			sourceTree = "<group>";
		};
		24501D051883DF9600FED266 = {
			isa = PBXGroup;
			children = (
				24501D131883DF9600FED266 /* DCTObjectStore */,
				24D52A221A28E98C00FDA615 /* DCTObjectStore Demo */,
				2464AB471A2931D800F72B41 /* DCTObjectStore Tests */,
				24D52A741A2BBBBA00FDA615 /* Frameworks */,
				244DE8CF19A9235100A91DC7 /* Configurations */,
				24501D0F1883DF9600FED266 /* Products */,
			);
			sourceTree = "<group>";
		};
		24501D0F1883DF9600FED266 /* Products */ = {
			isa = PBXGroup;
			children = (
				24501D0E1883DF9600FED266 /* libDCTObjectStore.a */,
				242BEEFC19A8F53B0063F2F2 /* DCTObjectStore.framework */,
				24D52A211A28E98C00FDA615 /* DCTObjectStore.app */,
				2464AB461A2931D800F72B41 /* DCTObjectStore Tests.xctest */,
			);
			name = Products;
			sourceTree = "<group>";
		};
		24501D131883DF9600FED266 /* DCTObjectStore */ = {
			isa = PBXGroup;
			children = (
				242BEF1219A8F55F0063F2F2 /* Info.plist */,
				24501D161883DF9600FED266 /* DCTObjectStore.h */,
				24501D181883DF9600FED266 /* DCTObjectStore.m */,
				24D52A641A2B59BF00FDA615 /* DCTObjectStoreCoding.h */,
				24D52A511A28EEB800FDA615 /* DCTObjectStoreQuery.h */,
				24D52A521A28EEB800FDA615 /* DCTObjectStoreQuery.m */,
				24D52A5C1A28FAE300FDA615 /* DCTObjectStoreQueryDelegate.h */,
				24D52A581A28F27500FDA615 /* Private */,
			);
			path = DCTObjectStore;
			sourceTree = "<group>";
		};
		2464AB471A2931D800F72B41 /* DCTObjectStore Tests */ = {
			isa = PBXGroup;
			children = (
				2464AB4A1A2931D800F72B41 /* DCTObjectStoreTests.m */,
				2464AB581A29C42D00F72B41 /* DCTObjectStoreQueryTests.m */,
				2464AB5A1A29C79900F72B41 /* DCTObjectStoreQueryPredicateTests.m */,
				2464AB5C1A29C8BA00F72B41 /* DCTObjectStoreQuerySortDescriptorTests.m */,
				2464AB6D1A2A7E6000F72B41 /* DCTDiskObjectStoreTests.m */,
				2464AB491A2931D800F72B41 /* Info.plist */,
			);
			path = "DCTObjectStore Tests";
			sourceTree = "<group>";
		};
		24D52A221A28E98C00FDA615 /* DCTObjectStore Demo */ = {
			isa = PBXGroup;
			children = (
				24D52A271A28E98C00FDA615 /* AppDelegate.h */,
				24D52A281A28E98C00FDA615 /* AppDelegate.m */,
				24D52A2A1A28E98C00FDA615 /* ViewController.h */,
				24D52A2B1A28E98C00FDA615 /* ViewController.m */,
				24D52A591A28F36900FDA615 /* Event.h */,
				24D52A5A1A28F36900FDA615 /* Event.m */,
				24D52A2D1A28E98C00FDA615 /* Main.storyboard */,
				24D52A301A28E98C00FDA615 /* Images.xcassets */,
				24D52A321A28E98C00FDA615 /* LaunchScreen.xib */,
				24D52A241A28E98C00FDA615 /* Info.plist */,
				24D52A6F1A2BB3C300FDA615 /* DCTObjectStore Demo.entitlements */,
				24D52A251A28E98C00FDA615 /* main.m */,
			);
			path = "DCTObjectStore Demo";
			sourceTree = "<group>";
		};
		24D52A581A28F27500FDA615 /* Private */ = {
			isa = PBXGroup;
			children = (
				2464AB5E1A2A32C100F72B41 /* DCTDiskObjectStore.h */,
				2464AB5F1A2A32C100F72B41 /* DCTDiskObjectStore.m */,
				24D52A6E1A2B9A7E00FDA615 /* Cloud */,
				24D52A7E1A2C5FFF00FDA615 /* Changes */,
				2464AB631A2A34D700F72B41 /* DCTObjectStoreIdentifier.h */,
				2464AB641A2A34D700F72B41 /* DCTObjectStoreIdentifier.m */,
				2464AB391A29207100F72B41 /* DCTObjectStoreAttributes.h */,
				2464AB3A1A29207100F72B41 /* DCTObjectStoreAttributes.m */,
			);
			name = Private;
			sourceTree = "<group>";
		};
		24D52A6E1A2B9A7E00FDA615 /* Cloud */ = {
			isa = PBXGroup;
			children = (
				2464AB681A2A7B1B00F72B41 /* DCTCloudObjectStore.h */,
				2464AB691A2A7B1B00F72B41 /* DCTCloudObjectStore.m */,
				2464AB6F1A2A8AE800F72B41 /* DCTCloudObjectStoreDelegate.h */,
				244775111A1260260091CBDD /* DCTObjectStoreCloudEncoder.h */,
				244775121A1260260091CBDD /* DCTObjectStoreCloudEncoder.m */,
				24D52A691A2B5DB900FDA615 /* DCTCloudObjectStoreDecoder.h */,
				24D52A6A1A2B5DB900FDA615 /* DCTCloudObjectStoreDecoder.m */,
			);
			name = Cloud;
			sourceTree = "<group>";
		};
		24D52A741A2BBBBA00FDA615 /* Frameworks */ = {
			isa = PBXGroup;
			children = (
				24D52A721A2BBBA700FDA615 /* CloudKit.framework */,
			);
			name = Frameworks;
			sourceTree = "<group>";
		};
		24D52A7E1A2C5FFF00FDA615 /* Changes */ = {
			isa = PBXGroup;
			children = (
				24D52A5F1A2B4A4D00FDA615 /* DCTObjectStoreChange.h */,
				24D52A601A2B4A4D00FDA615 /* DCTObjectStoreChange.m */,
				24D52A791A2C5FF500FDA615 /* DCTChangeObjectStore.h */,
				24D52A7A1A2C5FF500FDA615 /* DCTChangeObjectStore.m */,
			);
			name = Changes;
			sourceTree = "<group>";
		};
/* End PBXGroup section */

/* Begin PBXHeadersBuildPhase section */
		242BEEF919A8F53B0063F2F2 /* Headers */ = {
			isa = PBXHeadersBuildPhase;
			buildActionMask = 2147483647;
			files = (
				24D52A7B1A2C5FF500FDA615 /* DCTChangeObjectStore.h in Headers */,
				244775131A1260260091CBDD /* DCTObjectStoreCloudEncoder.h in Headers */,
				24D52A661A2B59BF00FDA615 /* DCTObjectStoreCoding.h in Headers */,
				24D52A611A2B4A4D00FDA615 /* DCTObjectStoreChange.h in Headers */,
				2464AB701A2A8AE800F72B41 /* DCTCloudObjectStoreDelegate.h in Headers */,
				2464AB6A1A2A7B1B00F72B41 /* DCTCloudObjectStore.h in Headers */,
				24D52A5D1A28FBC400FDA615 /* DCTObjectStoreQueryDelegate.h in Headers */,
				2464AB651A2A34D700F72B41 /* DCTObjectStoreIdentifier.h in Headers */,
				24D52A531A28EEB800FDA615 /* DCTObjectStoreQuery.h in Headers */,
				242BEF7F19A8FBB00063F2F2 /* DCTObjectStore.h in Headers */,
				2464AB3C1A2922B200F72B41 /* DCTObjectStoreAttributes.h in Headers */,
				24D52A6B1A2B5DB900FDA615 /* DCTCloudObjectStoreDecoder.h in Headers */,
				2464AB601A2A32C100F72B41 /* DCTDiskObjectStore.h in Headers */,
			);
			runOnlyForDeploymentPostprocessing = 0;
		};
/* End PBXHeadersBuildPhase section */

/* Begin PBXNativeTarget section */
		242BEEFB19A8F53B0063F2F2 /* DCTObjectStore iOS */ = {
			isa = PBXNativeTarget;
			buildConfigurationList = 242BEF1019A8F53B0063F2F2 /* Build configuration list for PBXNativeTarget "DCTObjectStore iOS" */;
			buildPhases = (
				242BEEF719A8F53B0063F2F2 /* Sources */,
				242BEEF819A8F53B0063F2F2 /* Frameworks */,
				242BEEF919A8F53B0063F2F2 /* Headers */,
				242BEEFA19A8F53B0063F2F2 /* Resources */,
			);
			buildRules = (
			);
			dependencies = (
			);
			name = "DCTObjectStore iOS";
			productName = "DCTObjectStore iOS";
			productReference = 242BEEFC19A8F53B0063F2F2 /* DCTObjectStore.framework */;
			productType = "com.apple.product-type.framework";
		};
		24501D0D1883DF9600FED266 /* DCTObjectStore */ = {
			isa = PBXNativeTarget;
			buildConfigurationList = 24501D311883DF9600FED266 /* Build configuration list for PBXNativeTarget "DCTObjectStore" */;
			buildPhases = (
				24501D0A1883DF9600FED266 /* Sources */,
				24501D0B1883DF9600FED266 /* Frameworks */,
				24501D0C1883DF9600FED266 /* CopyFiles */,
			);
			buildRules = (
			);
			dependencies = (
			);
			name = DCTObjectStore;
			productName = DCTObjectStore;
			productReference = 24501D0E1883DF9600FED266 /* libDCTObjectStore.a */;
			productType = "com.apple.product-type.library.static";
		};
		2464AB451A2931D800F72B41 /* DCTObjectStore Tests */ = {
			isa = PBXNativeTarget;
			buildConfigurationList = 2464AB4F1A2931D800F72B41 /* Build configuration list for PBXNativeTarget "DCTObjectStore Tests" */;
			buildPhases = (
				2464AB421A2931D800F72B41 /* Sources */,
				2464AB431A2931D800F72B41 /* Frameworks */,
				2464AB441A2931D800F72B41 /* Resources */,
			);
			buildRules = (
			);
			dependencies = (
				2464AB4E1A2931D800F72B41 /* PBXTargetDependency */,
			);
			name = "DCTObjectStore Tests";
			productName = "DCTObjectStore Tests";
			productReference = 2464AB461A2931D800F72B41 /* DCTObjectStore Tests.xctest */;
			productType = "com.apple.product-type.bundle.unit-test";
		};
		24D52A201A28E98C00FDA615 /* DCTObjectStore Demo */ = {
			isa = PBXNativeTarget;
			buildConfigurationList = 24D52A451A28E98C00FDA615 /* Build configuration list for PBXNativeTarget "DCTObjectStore Demo" */;
			buildPhases = (
				24D52A1D1A28E98C00FDA615 /* Sources */,
				24D52A1E1A28E98C00FDA615 /* Frameworks */,
				24D52A1F1A28E98C00FDA615 /* Resources */,
				24D52A4B1A28EB1D00FDA615 /* Embed Frameworks */,
			);
			buildRules = (
			);
			dependencies = (
				24D52A4A1A28EB1C00FDA615 /* PBXTargetDependency */,
			);
			name = "DCTObjectStore Demo";
			productName = "DCTObjectStore Demo";
			productReference = 24D52A211A28E98C00FDA615 /* DCTObjectStore.app */;
			productType = "com.apple.product-type.application";
		};
/* End PBXNativeTarget section */

/* Begin PBXProject section */
		24501D061883DF9600FED266 /* Project object */ = {
			isa = PBXProject;
			attributes = {
				LastUpgradeCheck = 0610;
				ORGANIZATIONNAME = "Daniel Tull";
				TargetAttributes = {
					242BEEFB19A8F53B0063F2F2 = {
						CreatedOnToolsVersion = 6.0;
					};
					2464AB451A2931D800F72B41 = {
						CreatedOnToolsVersion = 6.1;
					};
					24D52A201A28E98C00FDA615 = {
						CreatedOnToolsVersion = 6.1;
						SystemCapabilities = {
							com.apple.BackgroundModes = {
								enabled = 1;
							};
							com.apple.iCloud = {
								enabled = 1;
							};
						};
					};
				};
			};
			buildConfigurationList = 24501D091883DF9600FED266 /* Build configuration list for PBXProject "DCTObjectStore" */;
			compatibilityVersion = "Xcode 3.2";
			developmentRegion = English;
			hasScannedForEncodings = 0;
			knownRegions = (
				en,
				Base,
			);
			mainGroup = 24501D051883DF9600FED266;
			productRefGroup = 24501D0F1883DF9600FED266 /* Products */;
			projectDirPath = "";
			projectRoot = "";
			targets = (
				24501D0D1883DF9600FED266 /* DCTObjectStore */,
				242BEEFB19A8F53B0063F2F2 /* DCTObjectStore iOS */,
				24D52A201A28E98C00FDA615 /* DCTObjectStore Demo */,
				2464AB451A2931D800F72B41 /* DCTObjectStore Tests */,
			);
		};
/* End PBXProject section */

/* Begin PBXResourcesBuildPhase section */
		242BEEFA19A8F53B0063F2F2 /* Resources */ = {
			isa = PBXResourcesBuildPhase;
			buildActionMask = 2147483647;
			files = (
			);
			runOnlyForDeploymentPostprocessing = 0;
		};
		2464AB441A2931D800F72B41 /* Resources */ = {
			isa = PBXResourcesBuildPhase;
			buildActionMask = 2147483647;
			files = (
			);
			runOnlyForDeploymentPostprocessing = 0;
		};
		24D52A1F1A28E98C00FDA615 /* Resources */ = {
			isa = PBXResourcesBuildPhase;
			buildActionMask = 2147483647;
			files = (
				24D52A2F1A28E98C00FDA615 /* Main.storyboard in Resources */,
				24D52A341A28E98C00FDA615 /* LaunchScreen.xib in Resources */,
				24D52A311A28E98C00FDA615 /* Images.xcassets in Resources */,
			);
			runOnlyForDeploymentPostprocessing = 0;
		};
/* End PBXResourcesBuildPhase section */

/* Begin PBXSourcesBuildPhase section */
		242BEEF719A8F53B0063F2F2 /* Sources */ = {
			isa = PBXSourcesBuildPhase;
			buildActionMask = 2147483647;
			files = (
				24D52A551A28EEB800FDA615 /* DCTObjectStoreQuery.m in Sources */,
				242BEF8019A8FBD00063F2F2 /* DCTObjectStore.m in Sources */,
				24D52A6D1A2B5DB900FDA615 /* DCTCloudObjectStoreDecoder.m in Sources */,
				24D52A631A2B4A4D00FDA615 /* DCTObjectStoreChange.m in Sources */,
				2464AB3D1A2922B800F72B41 /* DCTObjectStoreAttributes.m in Sources */,
				244775151A1260260091CBDD /* DCTObjectStoreCloudEncoder.m in Sources */,
				2464AB671A2A34D700F72B41 /* DCTObjectStoreIdentifier.m in Sources */,
				2464AB6C1A2A7B1B00F72B41 /* DCTCloudObjectStore.m in Sources */,
				24D52A7D1A2C5FF500FDA615 /* DCTChangeObjectStore.m in Sources */,
				2464AB621A2A32C100F72B41 /* DCTDiskObjectStore.m in Sources */,
			);
			runOnlyForDeploymentPostprocessing = 0;
		};
		24501D0A1883DF9600FED266 /* Sources */ = {
			isa = PBXSourcesBuildPhase;
			buildActionMask = 2147483647;
			files = (
				24D52A541A28EEB800FDA615 /* DCTObjectStoreQuery.m in Sources */,
				24501D191883DF9600FED266 /* DCTObjectStore.m in Sources */,
				24D52A6C1A2B5DB900FDA615 /* DCTCloudObjectStoreDecoder.m in Sources */,
				24D52A621A2B4A4D00FDA615 /* DCTObjectStoreChange.m in Sources */,
				244775141A1260260091CBDD /* DCTObjectStoreCloudEncoder.m in Sources */,
				2464AB3B1A29207100F72B41 /* DCTObjectStoreAttributes.m in Sources */,
				2464AB661A2A34D700F72B41 /* DCTObjectStoreIdentifier.m in Sources */,
				2464AB6B1A2A7B1B00F72B41 /* DCTCloudObjectStore.m in Sources */,
				24D52A7C1A2C5FF500FDA615 /* DCTChangeObjectStore.m in Sources */,
				2464AB611A2A32C100F72B41 /* DCTDiskObjectStore.m in Sources */,
			);
			runOnlyForDeploymentPostprocessing = 0;
		};
		2464AB421A2931D800F72B41 /* Sources */ = {
			isa = PBXSourcesBuildPhase;
			buildActionMask = 2147483647;
			files = (
				2464AB591A29C42D00F72B41 /* DCTObjectStoreQueryTests.m in Sources */,
				2464AB521A29334D00F72B41 /* Event.m in Sources */,
				2464AB5B1A29C79900F72B41 /* DCTObjectStoreQueryPredicateTests.m in Sources */,
				2464AB6E1A2A7E6000F72B41 /* DCTDiskObjectStoreTests.m in Sources */,
				2464AB5D1A29C8BA00F72B41 /* DCTObjectStoreQuerySortDescriptorTests.m in Sources */,
				2464AB4B1A2931D800F72B41 /* DCTObjectStoreTests.m in Sources */,
			);
			runOnlyForDeploymentPostprocessing = 0;
		};
		24D52A1D1A28E98C00FDA615 /* Sources */ = {
			isa = PBXSourcesBuildPhase;
			buildActionMask = 2147483647;
			files = (
				24D52A5B1A28F36900FDA615 /* Event.m in Sources */,
				24D52A2C1A28E98C00FDA615 /* ViewController.m in Sources */,
				24D52A291A28E98C00FDA615 /* AppDelegate.m in Sources */,
				24D52A261A28E98C00FDA615 /* main.m in Sources */,
			);
			runOnlyForDeploymentPostprocessing = 0;
		};
/* End PBXSourcesBuildPhase section */

/* Begin PBXTargetDependency section */
		2464AB4E1A2931D800F72B41 /* PBXTargetDependency */ = {
			isa = PBXTargetDependency;
			target = 242BEEFB19A8F53B0063F2F2 /* DCTObjectStore iOS */;
			targetProxy = 2464AB4D1A2931D800F72B41 /* PBXContainerItemProxy */;
		};
		24D52A4A1A28EB1C00FDA615 /* PBXTargetDependency */ = {
			isa = PBXTargetDependency;
			target = 242BEEFB19A8F53B0063F2F2 /* DCTObjectStore iOS */;
			targetProxy = 24D52A491A28EB1C00FDA615 /* PBXContainerItemProxy */;
		};
/* End PBXTargetDependency section */

/* Begin PBXVariantGroup section */
		24D52A2D1A28E98C00FDA615 /* Main.storyboard */ = {
			isa = PBXVariantGroup;
			children = (
				24D52A2E1A28E98C00FDA615 /* Base */,
			);
			name = Main.storyboard;
			sourceTree = "<group>";
		};
		24D52A321A28E98C00FDA615 /* LaunchScreen.xib */ = {
			isa = PBXVariantGroup;
			children = (
				24D52A331A28E98C00FDA615 /* Base */,
			);
			name = LaunchScreen.xib;
			sourceTree = "<group>";
		};
/* End PBXVariantGroup section */

/* Begin XCBuildConfiguration section */
		242BEF0C19A8F53B0063F2F2 /* Debug */ = {
			isa = XCBuildConfiguration;
			baseConfigurationReference = 244DE8D319A9235100A91DC7 /* iOS Framework.xcconfig */;
			buildSettings = {
				CURRENT_PROJECT_VERSION = 1;
				DYLIB_COMPATIBILITY_VERSION = 1;
				DYLIB_CURRENT_VERSION = 1;
				PRODUCT_NAME = DCTObjectStore;
			};
			name = Debug;
		};
		242BEF0D19A8F53B0063F2F2 /* Release */ = {
			isa = XCBuildConfiguration;
			baseConfigurationReference = 244DE8D319A9235100A91DC7 /* iOS Framework.xcconfig */;
			buildSettings = {
				CURRENT_PROJECT_VERSION = 1;
				DYLIB_COMPATIBILITY_VERSION = 1;
				DYLIB_CURRENT_VERSION = 1;
				PRODUCT_NAME = DCTObjectStore;
			};
			name = Release;
		};
		24501D2F1883DF9600FED266 /* Debug */ = {
			isa = XCBuildConfiguration;
			baseConfigurationReference = 244DE8D019A9235100A91DC7 /* Debug.xcconfig */;
			buildSettings = {
				ONLY_ACTIVE_ARCH = YES;
			};
			name = Debug;
		};
		24501D301883DF9600FED266 /* Release */ = {
			isa = XCBuildConfiguration;
			baseConfigurationReference = 244DE8D719A9235100A91DC7 /* Release.xcconfig */;
			buildSettings = {
			};
			name = Release;
		};
		24501D321883DF9600FED266 /* Debug */ = {
			isa = XCBuildConfiguration;
			baseConfigurationReference = 244DE8D419A9235100A91DC7 /* iOS Static Library.xcconfig */;
			buildSettings = {
			};
			name = Debug;
		};
		24501D331883DF9600FED266 /* Release */ = {
			isa = XCBuildConfiguration;
			baseConfigurationReference = 244DE8D419A9235100A91DC7 /* iOS Static Library.xcconfig */;
			buildSettings = {
			};
			name = Release;
		};
		2464AB501A2931D800F72B41 /* Debug */ = {
			isa = XCBuildConfiguration;
			baseConfigurationReference = 244DE8D519A9235100A91DC7 /* iOS Tests.xcconfig */;
			buildSettings = {
				PRODUCT_NAME = "$(TARGET_NAME)";
			};
			name = Debug;
		};
		2464AB511A2931D800F72B41 /* Release */ = {
			isa = XCBuildConfiguration;
			baseConfigurationReference = 244DE8D519A9235100A91DC7 /* iOS Tests.xcconfig */;
			buildSettings = {
				PRODUCT_NAME = "$(TARGET_NAME)";
			};
			name = Release;
		};
		24D52A411A28E98C00FDA615 /* Debug */ = {
			isa = XCBuildConfiguration;
			baseConfigurationReference = 244DE8D119A9235100A91DC7 /* iOS Application.xcconfig */;
			buildSettings = {
				CODE_SIGN_ENTITLEMENTS = "DCTObjectStore Demo/DCTObjectStore Demo.entitlements";
				INFOPLIST_FILE = "DCTObjectStore Demo/Info.plist";
				LD_RUNPATH_SEARCH_PATHS = "$(inherited) @executable_path/Frameworks";
				PRODUCT_NAME = DCTObjectStore;
			};
			name = Debug;
		};
		24D52A421A28E98C00FDA615 /* Release */ = {
			isa = XCBuildConfiguration;
			baseConfigurationReference = 244DE8D119A9235100A91DC7 /* iOS Application.xcconfig */;
			buildSettings = {
				CODE_SIGN_ENTITLEMENTS = "DCTObjectStore Demo/DCTObjectStore Demo.entitlements";
				INFOPLIST_FILE = "DCTObjectStore Demo/Info.plist";
				LD_RUNPATH_SEARCH_PATHS = "$(inherited) @executable_path/Frameworks";
				PRODUCT_NAME = DCTObjectStore;
			};
			name = Release;
		};
/* End XCBuildConfiguration section */

/* Begin XCConfigurationList section */
		242BEF1019A8F53B0063F2F2 /* Build configuration list for PBXNativeTarget "DCTObjectStore iOS" */ = {
			isa = XCConfigurationList;
			buildConfigurations = (
				242BEF0C19A8F53B0063F2F2 /* Debug */,
				242BEF0D19A8F53B0063F2F2 /* Release */,
			);
			defaultConfigurationIsVisible = 0;
			defaultConfigurationName = Release;
		};
		24501D091883DF9600FED266 /* Build configuration list for PBXProject "DCTObjectStore" */ = {
			isa = XCConfigurationList;
			buildConfigurations = (
				24501D2F1883DF9600FED266 /* Debug */,
				24501D301883DF9600FED266 /* Release */,
			);
			defaultConfigurationIsVisible = 0;
			defaultConfigurationName = Release;
		};
		24501D311883DF9600FED266 /* Build configuration list for PBXNativeTarget "DCTObjectStore" */ = {
			isa = XCConfigurationList;
			buildConfigurations = (
				24501D321883DF9600FED266 /* Debug */,
				24501D331883DF9600FED266 /* Release */,
			);
			defaultConfigurationIsVisible = 0;
			defaultConfigurationName = Release;
		};
		2464AB4F1A2931D800F72B41 /* Build configuration list for PBXNativeTarget "DCTObjectStore Tests" */ = {
			isa = XCConfigurationList;
			buildConfigurations = (
				2464AB501A2931D800F72B41 /* Debug */,
				2464AB511A2931D800F72B41 /* Release */,
			);
			defaultConfigurationIsVisible = 0;
			defaultConfigurationName = Release;
		};
		24D52A451A28E98C00FDA615 /* Build configuration list for PBXNativeTarget "DCTObjectStore Demo" */ = {
			isa = XCConfigurationList;
			buildConfigurations = (
				24D52A411A28E98C00FDA615 /* Debug */,
				24D52A421A28E98C00FDA615 /* Release */,
			);
			defaultConfigurationIsVisible = 0;
			defaultConfigurationName = Release;
		};
/* End XCConfigurationList section */
	};
	rootObject = 24501D061883DF9600FED266 /* Project object */;
}
