// !$*UTF8*$!
{
	archiveVersion = 1;
	classes = {
	};
	objectVersion = 46;
	objects = {

/* Begin PBXBuildFile section */
		242BEF7F19A8FBB00063F2F2 /* DCTObjectStore.h in Headers */ = {isa = PBXBuildFile; fileRef = 24501D161883DF9600FED266 /* DCTObjectStore.h */; settings = {ATTRIBUTES = (Public, ); }; };
		242BEF8019A8FBD00063F2F2 /* DCTObjectStore.m in Sources */ = {isa = PBXBuildFile; fileRef = 24501D181883DF9600FED266 /* DCTObjectStore.m */; };
		24501D171883DF9600FED266 /* DCTObjectStore.h in CopyFiles */ = {isa = PBXBuildFile; fileRef = 24501D161883DF9600FED266 /* DCTObjectStore.h */; };
		24501D191883DF9600FED266 /* DCTObjectStore.m in Sources */ = {isa = PBXBuildFile; fileRef = 24501D181883DF9600FED266 /* DCTObjectStore.m */; };
/* End PBXBuildFile section */

/* Begin PBXCopyFilesBuildPhase section */
		24501D0C1883DF9600FED266 /* CopyFiles */ = {
			isa = PBXCopyFilesBuildPhase;
			buildActionMask = 2147483647;
			dstPath = "include/$(PRODUCT_NAME)";
			dstSubfolderSpec = 16;
			files = (
				24501D171883DF9600FED266 /* DCTObjectStore.h in CopyFiles */,
			);
			runOnlyForDeploymentPostprocessing = 0;
		};
/* End PBXCopyFilesBuildPhase section */

/* Begin PBXFileReference section */
		242BEEFC19A8F53B0063F2F2 /* DCTObjectStore.framework */ = {isa = PBXFileReference; explicitFileType = wrapper.framework; includeInIndex = 0; path = DCTObjectStore.framework; sourceTree = BUILT_PRODUCTS_DIR; };
		242BEF1219A8F55F0063F2F2 /* Info.plist */ = {isa = PBXFileReference; lastKnownFileType = text.plist.xml; path = Info.plist; sourceTree = "<group>"; };
		244DE8D019A9235100A91DC7 /* Debug.xcconfig */ = {isa = PBXFileReference; lastKnownFileType = text.xcconfig; path = Debug.xcconfig; sourceTree = "<group>"; };
		244DE8D119A9235100A91DC7 /* iOS Application.xcconfig */ = {isa = PBXFileReference; lastKnownFileType = text.xcconfig; path = "iOS Application.xcconfig"; sourceTree = "<group>"; };
		244DE8D219A9235100A91DC7 /* iOS Bundle.xcconfig */ = {isa = PBXFileReference; lastKnownFileType = text.xcconfig; path = "iOS Bundle.xcconfig"; sourceTree = "<group>"; };
		244DE8D319A9235100A91DC7 /* iOS Framework.xcconfig */ = {isa = PBXFileReference; lastKnownFileType = text.xcconfig; path = "iOS Framework.xcconfig"; sourceTree = "<group>"; };
		244DE8D419A9235100A91DC7 /* iOS Static Library.xcconfig */ = {isa = PBXFileReference; lastKnownFileType = text.xcconfig; path = "iOS Static Library.xcconfig"; sourceTree = "<group>"; };
		244DE8D519A9235100A91DC7 /* iOS Tests.xcconfig */ = {isa = PBXFileReference; lastKnownFileType = text.xcconfig; path = "iOS Tests.xcconfig"; sourceTree = "<group>"; };
		244DE8D619A9235100A91DC7 /* OS X Framework.xcconfig */ = {isa = PBXFileReference; lastKnownFileType = text.xcconfig; path = "OS X Framework.xcconfig"; sourceTree = "<group>"; };
		244DE8D719A9235100A91DC7 /* Release.xcconfig */ = {isa = PBXFileReference; lastKnownFileType = text.xcconfig; path = Release.xcconfig; sourceTree = "<group>"; };
		244DE8D819A9235100A91DC7 /* Shared.xcconfig */ = {isa = PBXFileReference; lastKnownFileType = text.xcconfig; path = Shared.xcconfig; sourceTree = "<group>"; };
		24501D0E1883DF9600FED266 /* libDCTObjectStore.a */ = {isa = PBXFileReference; explicitFileType = archive.ar; includeInIndex = 0; path = libDCTObjectStore.a; sourceTree = BUILT_PRODUCTS_DIR; };
		24501D161883DF9600FED266 /* DCTObjectStore.h */ = {isa = PBXFileReference; lastKnownFileType = sourcecode.c.h; path = DCTObjectStore.h; sourceTree = "<group>"; };
		24501D181883DF9600FED266 /* DCTObjectStore.m */ = {isa = PBXFileReference; lastKnownFileType = sourcecode.c.objc; path = DCTObjectStore.m; sourceTree = "<group>"; };
/* End PBXFileReference section */

/* Begin PBXFrameworksBuildPhase section */
		242BEEF819A8F53B0063F2F2 /* Frameworks */ = {
			isa = PBXFrameworksBuildPhase;
			buildActionMask = 2147483647;
			files = (
			);
			runOnlyForDeploymentPostprocessing = 0;
		};
		24501D0B1883DF9600FED266 /* Frameworks */ = {
			isa = PBXFrameworksBuildPhase;
			buildActionMask = 2147483647;
			files = (
			);
			runOnlyForDeploymentPostprocessing = 0;
		};
/* End PBXFrameworksBuildPhase section */

/* Begin PBXGroup section */
		244DE8CF19A9235100A91DC7 /* Configurations */ = {
			isa = PBXGroup;
			children = (
				244DE8D019A9235100A91DC7 /* Debug.xcconfig */,
				244DE8D119A9235100A91DC7 /* iOS Application.xcconfig */,
				244DE8D219A9235100A91DC7 /* iOS Bundle.xcconfig */,
				244DE8D319A9235100A91DC7 /* iOS Framework.xcconfig */,
				244DE8D419A9235100A91DC7 /* iOS Static Library.xcconfig */,
				244DE8D519A9235100A91DC7 /* iOS Tests.xcconfig */,
				244DE8D619A9235100A91DC7 /* OS X Framework.xcconfig */,
				244DE8D719A9235100A91DC7 /* Release.xcconfig */,
				244DE8D819A9235100A91DC7 /* Shared.xcconfig */,
			);
			path = Configurations;
			sourceTree = "<group>";
		};
		24501D051883DF9600FED266 = {
			isa = PBXGroup;
			children = (
				24501D131883DF9600FED266 /* DCTObjectStore */,
				244DE8CF19A9235100A91DC7 /* Configurations */,
				24501D0F1883DF9600FED266 /* Products */,
			);
			sourceTree = "<group>";
		};
		24501D0F1883DF9600FED266 /* Products */ = {
			isa = PBXGroup;
			children = (
				24501D0E1883DF9600FED266 /* libDCTObjectStore.a */,
				242BEEFC19A8F53B0063F2F2 /* DCTObjectStore.framework */,
			);
			name = Products;
			sourceTree = "<group>";
		};
		24501D131883DF9600FED266 /* DCTObjectStore */ = {
			isa = PBXGroup;
			children = (
				242BEF1219A8F55F0063F2F2 /* Info.plist */,
				24501D161883DF9600FED266 /* DCTObjectStore.h */,
				24501D181883DF9600FED266 /* DCTObjectStore.m */,
			);
			path = DCTObjectStore;
			sourceTree = "<group>";
		};
/* End PBXGroup section */

/* Begin PBXHeadersBuildPhase section */
		242BEEF919A8F53B0063F2F2 /* Headers */ = {
			isa = PBXHeadersBuildPhase;
			buildActionMask = 2147483647;
			files = (
				242BEF7F19A8FBB00063F2F2 /* DCTObjectStore.h in Headers */,
			);
			runOnlyForDeploymentPostprocessing = 0;
		};
/* End PBXHeadersBuildPhase section */

/* Begin PBXNativeTarget section */
		242BEEFB19A8F53B0063F2F2 /* DCTObjectStore iOS */ = {
			isa = PBXNativeTarget;
			buildConfigurationList = 242BEF1019A8F53B0063F2F2 /* Build configuration list for PBXNativeTarget "DCTObjectStore iOS" */;
			buildPhases = (
				242BEEF719A8F53B0063F2F2 /* Sources */,
				242BEEF819A8F53B0063F2F2 /* Frameworks */,
				242BEEF919A8F53B0063F2F2 /* Headers */,
				242BEEFA19A8F53B0063F2F2 /* Resources */,
			);
			buildRules = (
			);
			dependencies = (
			);
			name = "DCTObjectStore iOS";
			productName = "DCTObjectStore iOS";
			productReference = 242BEEFC19A8F53B0063F2F2 /* DCTObjectStore.framework */;
			productType = "com.apple.product-type.framework";
		};
		24501D0D1883DF9600FED266 /* DCTObjectStore */ = {
			isa = PBXNativeTarget;
			buildConfigurationList = 24501D311883DF9600FED266 /* Build configuration list for PBXNativeTarget "DCTObjectStore" */;
			buildPhases = (
				24501D0A1883DF9600FED266 /* Sources */,
				24501D0B1883DF9600FED266 /* Frameworks */,
				24501D0C1883DF9600FED266 /* CopyFiles */,
			);
			buildRules = (
			);
			dependencies = (
			);
			name = DCTObjectStore;
			productName = DCTObjectStore;
			productReference = 24501D0E1883DF9600FED266 /* libDCTObjectStore.a */;
			productType = "com.apple.product-type.library.static";
		};
/* End PBXNativeTarget section */

/* Begin PBXProject section */
		24501D061883DF9600FED266 /* Project object */ = {
			isa = PBXProject;
			attributes = {
				LastUpgradeCheck = 0610;
				ORGANIZATIONNAME = "Daniel Tull";
				TargetAttributes = {
					242BEEFB19A8F53B0063F2F2 = {
						CreatedOnToolsVersion = 6.0;
					};
				};
			};
			buildConfigurationList = 24501D091883DF9600FED266 /* Build configuration list for PBXProject "DCTObjectStore" */;
			compatibilityVersion = "Xcode 3.2";
			developmentRegion = English;
			hasScannedForEncodings = 0;
			knownRegions = (
				en,
			);
			mainGroup = 24501D051883DF9600FED266;
			productRefGroup = 24501D0F1883DF9600FED266 /* Products */;
			projectDirPath = "";
			projectRoot = "";
			targets = (
				24501D0D1883DF9600FED266 /* DCTObjectStore */,
				242BEEFB19A8F53B0063F2F2 /* DCTObjectStore iOS */,
			);
		};
/* End PBXProject section */

/* Begin PBXResourcesBuildPhase section */
		242BEEFA19A8F53B0063F2F2 /* Resources */ = {
			isa = PBXResourcesBuildPhase;
			buildActionMask = 2147483647;
			files = (
			);
			runOnlyForDeploymentPostprocessing = 0;
		};
/* End PBXResourcesBuildPhase section */

/* Begin PBXSourcesBuildPhase section */
		242BEEF719A8F53B0063F2F2 /* Sources */ = {
			isa = PBXSourcesBuildPhase;
			buildActionMask = 2147483647;
			files = (
				242BEF8019A8FBD00063F2F2 /* DCTObjectStore.m in Sources */,
			);
			runOnlyForDeploymentPostprocessing = 0;
		};
		24501D0A1883DF9600FED266 /* Sources */ = {
			isa = PBXSourcesBuildPhase;
			buildActionMask = 2147483647;
			files = (
				24501D191883DF9600FED266 /* DCTObjectStore.m in Sources */,
			);
			runOnlyForDeploymentPostprocessing = 0;
		};
/* End PBXSourcesBuildPhase section */

/* Begin XCBuildConfiguration section */
		242BEF0C19A8F53B0063F2F2 /* Debug */ = {
			isa = XCBuildConfiguration;
			baseConfigurationReference = 244DE8D319A9235100A91DC7 /* iOS Framework.xcconfig */;
			buildSettings = {
				CURRENT_PROJECT_VERSION = 1;
				DYLIB_COMPATIBILITY_VERSION = 1;
				DYLIB_CURRENT_VERSION = 1;
				PRODUCT_NAME = DCTObjectStore;
			};
			name = Debug;
		};
		242BEF0D19A8F53B0063F2F2 /* Release */ = {
			isa = XCBuildConfiguration;
			baseConfigurationReference = 244DE8D319A9235100A91DC7 /* iOS Framework.xcconfig */;
			buildSettings = {
				CURRENT_PROJECT_VERSION = 1;
				DYLIB_COMPATIBILITY_VERSION = 1;
				DYLIB_CURRENT_VERSION = 1;
				PRODUCT_NAME = DCTObjectStore;
			};
			name = Release;
		};
		24501D2F1883DF9600FED266 /* Debug */ = {
			isa = XCBuildConfiguration;
			baseConfigurationReference = 244DE8D019A9235100A91DC7 /* Debug.xcconfig */;
			buildSettings = {
				ONLY_ACTIVE_ARCH = YES;
			};
			name = Debug;
		};
		24501D301883DF9600FED266 /* Release */ = {
			isa = XCBuildConfiguration;
			baseConfigurationReference = 244DE8D719A9235100A91DC7 /* Release.xcconfig */;
			buildSettings = {
			};
			name = Release;
		};
		24501D321883DF9600FED266 /* Debug */ = {
			isa = XCBuildConfiguration;
			baseConfigurationReference = 244DE8D419A9235100A91DC7 /* iOS Static Library.xcconfig */;
			buildSettings = {
			};
			name = Debug;
		};
		24501D331883DF9600FED266 /* Release */ = {
			isa = XCBuildConfiguration;
			baseConfigurationReference = 244DE8D419A9235100A91DC7 /* iOS Static Library.xcconfig */;
			buildSettings = {
			};
			name = Release;
		};
/* End XCBuildConfiguration section */

/* Begin XCConfigurationList section */
		242BEF1019A8F53B0063F2F2 /* Build configuration list for PBXNativeTarget "DCTObjectStore iOS" */ = {
			isa = XCConfigurationList;
			buildConfigurations = (
				242BEF0C19A8F53B0063F2F2 /* Debug */,
				242BEF0D19A8F53B0063F2F2 /* Release */,
			);
			defaultConfigurationIsVisible = 0;
			defaultConfigurationName = Release;
		};
		24501D091883DF9600FED266 /* Build configuration list for PBXProject "DCTObjectStore" */ = {
			isa = XCConfigurationList;
			buildConfigurations = (
				24501D2F1883DF9600FED266 /* Debug */,
				24501D301883DF9600FED266 /* Release */,
			);
			defaultConfigurationIsVisible = 0;
			defaultConfigurationName = Release;
		};
		24501D311883DF9600FED266 /* Build configuration list for PBXNativeTarget "DCTObjectStore" */ = {
			isa = XCConfigurationList;
			buildConfigurations = (
				24501D321883DF9600FED266 /* Debug */,
				24501D331883DF9600FED266 /* Release */,
			);
			defaultConfigurationIsVisible = 0;
			defaultConfigurationName = Release;
		};
/* End XCConfigurationList section */
	};
	rootObject = 24501D061883DF9600FED266 /* Project object */;
}
