// !$*UTF8*$!
{
	archiveVersion = 1;
	classes = {
	};
	objectVersion = 46;
	objects = {

/* Begin PBXBuildFile section */
		24501D121883DF9600FED266 /* Foundation.framework in Frameworks */ = {isa = PBXBuildFile; fileRef = 24501D111883DF9600FED266 /* Foundation.framework */; };
		24501D171883DF9600FED266 /* DCTObjectStore.h in CopyFiles */ = {isa = PBXBuildFile; fileRef = 24501D161883DF9600FED266 /* DCTObjectStore.h */; };
		24501D191883DF9600FED266 /* DCTObjectStore.m in Sources */ = {isa = PBXBuildFile; fileRef = 24501D181883DF9600FED266 /* DCTObjectStore.m */; };
/* End PBXBuildFile section */

/* Begin PBXCopyFilesBuildPhase section */
		24501D0C1883DF9600FED266 /* CopyFiles */ = {
			isa = PBXCopyFilesBuildPhase;
			buildActionMask = 2147483647;
			dstPath = "include/$(PRODUCT_NAME)";
			dstSubfolderSpec = 16;
			files = (
				24501D171883DF9600FED266 /* DCTObjectStore.h in CopyFiles */,
			);
			runOnlyForDeploymentPostprocessing = 0;
		};
/* End PBXCopyFilesBuildPhase section */

/* Begin PBXFileReference section */
		24501D0E1883DF9600FED266 /* libDCTObjectStore.a */ = {isa = PBXFileReference; explicitFileType = archive.ar; includeInIndex = 0; path = libDCTObjectStore.a; sourceTree = BUILT_PRODUCTS_DIR; };
		24501D111883DF9600FED266 /* Foundation.framework */ = {isa = PBXFileReference; lastKnownFileType = wrapper.framework; name = Foundation.framework; path = System/Library/Frameworks/Foundation.framework; sourceTree = SDKROOT; };
		24501D161883DF9600FED266 /* DCTObjectStore.h */ = {isa = PBXFileReference; lastKnownFileType = sourcecode.c.h; path = DCTObjectStore.h; sourceTree = "<group>"; };
		24501D181883DF9600FED266 /* DCTObjectStore.m */ = {isa = PBXFileReference; lastKnownFileType = sourcecode.c.objc; path = DCTObjectStore.m; sourceTree = "<group>"; };
		24501D1F1883DF9600FED266 /* XCTest.framework */ = {isa = PBXFileReference; lastKnownFileType = wrapper.framework; name = XCTest.framework; path = Library/Frameworks/XCTest.framework; sourceTree = DEVELOPER_DIR; };
		24501D221883DF9600FED266 /* UIKit.framework */ = {isa = PBXFileReference; lastKnownFileType = wrapper.framework; name = UIKit.framework; path = Library/Frameworks/UIKit.framework; sourceTree = DEVELOPER_DIR; };
		249097A1188A6935006BC35F /* Universal.xcconfig */ = {isa = PBXFileReference; lastKnownFileType = text.xcconfig; path = Universal.xcconfig; sourceTree = "<group>"; };
/* End PBXFileReference section */

/* Begin PBXFrameworksBuildPhase section */
		24501D0B1883DF9600FED266 /* Frameworks */ = {
			isa = PBXFrameworksBuildPhase;
			buildActionMask = 2147483647;
			files = (
				24501D121883DF9600FED266 /* Foundation.framework in Frameworks */,
			);
			runOnlyForDeploymentPostprocessing = 0;
		};
/* End PBXFrameworksBuildPhase section */

/* Begin PBXGroup section */
		24501D051883DF9600FED266 = {
			isa = PBXGroup;
			children = (
				249097A1188A6935006BC35F /* Universal.xcconfig */,
				24501D131883DF9600FED266 /* DCTObjectStore */,
				24501D101883DF9600FED266 /* Frameworks */,
				24501D0F1883DF9600FED266 /* Products */,
			);
			sourceTree = "<group>";
		};
		24501D0F1883DF9600FED266 /* Products */ = {
			isa = PBXGroup;
			children = (
				24501D0E1883DF9600FED266 /* libDCTObjectStore.a */,
			);
			name = Products;
			sourceTree = "<group>";
		};
		24501D101883DF9600FED266 /* Frameworks */ = {
			isa = PBXGroup;
			children = (
				24501D111883DF9600FED266 /* Foundation.framework */,
				24501D1F1883DF9600FED266 /* XCTest.framework */,
				24501D221883DF9600FED266 /* UIKit.framework */,
			);
			name = Frameworks;
			sourceTree = "<group>";
		};
		24501D131883DF9600FED266 /* DCTObjectStore */ = {
			isa = PBXGroup;
			children = (
				24501D161883DF9600FED266 /* DCTObjectStore.h */,
				24501D181883DF9600FED266 /* DCTObjectStore.m */,
			);
			path = DCTObjectStore;
			sourceTree = "<group>";
		};
/* End PBXGroup section */

/* Begin PBXNativeTarget section */
		24501D0D1883DF9600FED266 /* DCTObjectStore */ = {
			isa = PBXNativeTarget;
			buildConfigurationList = 24501D311883DF9600FED266 /* Build configuration list for PBXNativeTarget "DCTObjectStore" */;
			buildPhases = (
				24501D0A1883DF9600FED266 /* Sources */,
				24501D0B1883DF9600FED266 /* Frameworks */,
				24501D0C1883DF9600FED266 /* CopyFiles */,
			);
			buildRules = (
			);
			dependencies = (
			);
			name = DCTObjectStore;
			productName = DCTObjectStore;
			productReference = 24501D0E1883DF9600FED266 /* libDCTObjectStore.a */;
			productType = "com.apple.product-type.library.static";
		};
/* End PBXNativeTarget section */

/* Begin PBXProject section */
		24501D061883DF9600FED266 /* Project object */ = {
			isa = PBXProject;
			attributes = {
				LastUpgradeCheck = 0510;
				ORGANIZATIONNAME = "Daniel Tull";
			};
			buildConfigurationList = 24501D091883DF9600FED266 /* Build configuration list for PBXProject "DCTObjectStore" */;
			compatibilityVersion = "Xcode 3.2";
			developmentRegion = English;
			hasScannedForEncodings = 0;
			knownRegions = (
				en,
			);
			mainGroup = 24501D051883DF9600FED266;
			productRefGroup = 24501D0F1883DF9600FED266 /* Products */;
			projectDirPath = "";
			projectRoot = "";
			targets = (
				24501D0D1883DF9600FED266 /* DCTObjectStore */,
			);
		};
/* End PBXProject section */

/* Begin PBXSourcesBuildPhase section */
		24501D0A1883DF9600FED266 /* Sources */ = {
			isa = PBXSourcesBuildPhase;
			buildActionMask = 2147483647;
			files = (
				24501D191883DF9600FED266 /* DCTObjectStore.m in Sources */,
			);
			runOnlyForDeploymentPostprocessing = 0;
		};
/* End PBXSourcesBuildPhase section */

/* Begin XCBuildConfiguration section */
		24501D2F1883DF9600FED266 /* Debug */ = {
			isa = XCBuildConfiguration;
			buildSettings = {
				ALWAYS_SEARCH_USER_PATHS = NO;
				CLANG_CXX_LANGUAGE_STANDARD = "gnu++0x";
				CLANG_CXX_LIBRARY = "libc++";
				CLANG_ENABLE_MODULES = YES;
				CLANG_ENABLE_OBJC_ARC = YES;
				CLANG_WARN_BOOL_CONVERSION = YES;
				CLANG_WARN_CONSTANT_CONVERSION = YES;
				CLANG_WARN_DIRECT_OBJC_ISA_USAGE = YES_ERROR;
				CLANG_WARN_EMPTY_BODY = YES;
				CLANG_WARN_ENUM_CONVERSION = YES;
				CLANG_WARN_INT_CONVERSION = YES;
				CLANG_WARN_OBJC_ROOT_CLASS = YES_ERROR;
				CLANG_WARN__DUPLICATE_METHOD_MATCH = YES;
				COPY_PHASE_STRIP = NO;
				GCC_C_LANGUAGE_STANDARD = gnu99;
				GCC_DYNAMIC_NO_PIC = NO;
				GCC_OPTIMIZATION_LEVEL = 0;
				GCC_PREPROCESSOR_DEFINITIONS = (
					"DEBUG=1",
					"$(inherited)",
				);
				GCC_SYMBOLS_PRIVATE_EXTERN = NO;
				GCC_WARN_64_TO_32_BIT_CONVERSION = YES;
				GCC_WARN_ABOUT_RETURN_TYPE = YES_ERROR;
				GCC_WARN_UNDECLARED_SELECTOR = YES;
				GCC_WARN_UNINITIALIZED_AUTOS = YES;
				GCC_WARN_UNUSED_FUNCTION = YES;
				GCC_WARN_UNUSED_VARIABLE = YES;
				IPHONEOS_DEPLOYMENT_TARGET = 7.0;
				ONLY_ACTIVE_ARCH = YES;
				SDKROOT = iphoneos;
				WARNING_CFLAGS = (
					"-Weverything",
					"-Wno-objc-missing-property-synthesis",
				);
			};
			name = Debug;
		};
		24501D301883DF9600FED266 /* Release */ = {
			isa = XCBuildConfiguration;
			buildSettings = {
				ALWAYS_SEARCH_USER_PATHS = NO;
				CLANG_CXX_LANGUAGE_STANDARD = "gnu++0x";
				CLANG_CXX_LIBRARY = "libc++";
				CLANG_ENABLE_MODULES = YES;
				CLANG_ENABLE_OBJC_ARC = YES;
				CLANG_WARN_BOOL_CONVERSION = YES;
				CLANG_WARN_CONSTANT_CONVERSION = YES;
				CLANG_WARN_DIRECT_OBJC_ISA_USAGE = YES_ERROR;
				CLANG_WARN_EMPTY_BODY = YES;
				CLANG_WARN_ENUM_CONVERSION = YES;
				CLANG_WARN_INT_CONVERSION = YES;
				CLANG_WARN_OBJC_ROOT_CLASS = YES_ERROR;
				CLANG_WARN__DUPLICATE_METHOD_MATCH = YES;
				COPY_PHASE_STRIP = YES;
				ENABLE_NS_ASSERTIONS = NO;
				GCC_C_LANGUAGE_STANDARD = gnu99;
				GCC_WARN_64_TO_32_BIT_CONVERSION = YES;
				GCC_WARN_ABOUT_RETURN_TYPE = YES_ERROR;
				GCC_WARN_UNDECLARED_SELECTOR = YES;
				GCC_WARN_UNINITIALIZED_AUTOS = YES;
				GCC_WARN_UNUSED_FUNCTION = YES;
				GCC_WARN_UNUSED_VARIABLE = YES;
				IPHONEOS_DEPLOYMENT_TARGET = 7.0;
				SDKROOT = iphoneos;
				VALIDATE_PRODUCT = YES;
				WARNING_CFLAGS = (
					"-Weverything",
					"-Wno-objc-missing-property-synthesis",
				);
			};
			name = Release;
		};
		24501D321883DF9600FED266 /* Debug */ = {
			isa = XCBuildConfiguration;
			baseConfigurationReference = 249097A1188A6935006BC35F /* Universal.xcconfig */;
			buildSettings = {
				DSTROOT = /tmp/DCTObjectStore.dst;
				GCC_PRECOMPILE_PREFIX_HEADER = YES;
				OTHER_LDFLAGS = "-ObjC";
				PRODUCT_NAME = "$(TARGET_NAME)";
				SKIP_INSTALL = YES;
			};
			name = Debug;
		};
		24501D331883DF9600FED266 /* Release */ = {
			isa = XCBuildConfiguration;
			baseConfigurationReference = 249097A1188A6935006BC35F /* Universal.xcconfig */;
			buildSettings = {
				DSTROOT = /tmp/DCTObjectStore.dst;
				GCC_PRECOMPILE_PREFIX_HEADER = YES;
				OTHER_LDFLAGS = "-ObjC";
				PRODUCT_NAME = "$(TARGET_NAME)";
				SKIP_INSTALL = YES;
			};
			name = Release;
		};
/* End XCBuildConfiguration section */

/* Begin XCConfigurationList section */
		24501D091883DF9600FED266 /* Build configuration list for PBXProject "DCTObjectStore" */ = {
			isa = XCConfigurationList;
			buildConfigurations = (
				24501D2F1883DF9600FED266 /* Debug */,
				24501D301883DF9600FED266 /* Release */,
			);
			defaultConfigurationIsVisible = 0;
			defaultConfigurationName = Release;
		};
		24501D311883DF9600FED266 /* Build configuration list for PBXNativeTarget "DCTObjectStore" */ = {
			isa = XCConfigurationList;
			buildConfigurations = (
				24501D321883DF9600FED266 /* Debug */,
				24501D331883DF9600FED266 /* Release */,
			);
			defaultConfigurationIsVisible = 0;
			defaultConfigurationName = Release;
		};
/* End XCConfigurationList section */
	};
	rootObject = 24501D061883DF9600FED266 /* Project object */;
}
